
Microsoft Visual Studio Solution File, Format Version 10.00
# Visual Studio 2008
Project("{8BC9CEB8-8B4A-11D0-8D11-00A0C91BC942}") = "FP", "FP.vcproj", "{10E32661-DF60-4EF0-A29A-BF5AB5B96A90}"
EndProject
Global
	GlobalSection(SolutionConfigurationPlatforms) = preSolution
		Debug|Win32 = Debug|Win32
		Release|Win32 = Release|Win32
	EndGlobalSection
	GlobalSection(ProjectConfigurationPlatforms) = postSolution
		{10E32661-DF60-4EF0-A29A-BF5AB5B96A90}.Debug|Win32.ActiveCfg = Debug|Win32
		{10E32661-DF60-4EF0-A29A-BF5AB5B96A90}.Debug|Win32.Build.0 = Debug|Win32
		{10E32661-DF60-4EF0-A29A-BF5AB5B96A90}.Release|Win32.ActiveCfg = Release|Win32
		{10E32661-DF60-4EF0-A29A-BF5AB5B96A90}.Release|Win32.Build.0 = Release|Win32
	EndGlobalSection
	GlobalSection(SolutionProperties) = preSolution
		HideSolutionNode = FALSE
	EndGlobalSection
EndGlobal
